
Microsoft Visual Studio Solution File, Format Version 12.00
# Visual Studio Version 17
VisualStudioVersion = 17.4.33110.190
MinimumVisualStudioVersion = 10.0.40219.1
Project("{FAE04EC0-301F-11D3-BF4B-00C04F79EFBC}") = "Exem", "Exem\Exem.csproj", "{07F709A6-75F3-4F7F-9E02-EFD140C258ED}"
EndProject
Global
	GlobalSection(SolutionConfigurationPlatforms) = preSolution
		Debug|Any CPU = Debug|Any CPU
		Release|Any CPU = Release|Any CPU
	EndGlobalSection
	GlobalSection(ProjectConfigurationPlatforms) = postSolution
		{07F709A6-75F3-4F7F-9E02-EFD140C258ED}.Debug|Any CPU.ActiveCfg = Debug|Any CPU
		{07F709A6-75F3-4F7F-9E02-EFD140C258ED}.Debug|Any CPU.Build.0 = Debug|Any CPU
		{07F709A6-75F3-4F7F-9E02-EFD140C258ED}.Release|Any CPU.ActiveCfg = Release|Any CPU
		{07F709A6-75F3-4F7F-9E02-EFD140C258ED}.Release|Any CPU.Build.0 = Release|Any CPU
	EndGlobalSection
	GlobalSection(SolutionProperties) = preSolution
		HideSolutionNode = FALSE
	EndGlobalSection
	GlobalSection(ExtensibilityGlobals) = postSolution
		SolutionGuid = {63916E88-EB6C-4966-936C-1BC7D5D65FBD}
	EndGlobalSection
EndGlobal
